
Microsoft Visual Studio Solution File, Format Version 12.00
# Visual Studio Version 17
VisualStudioVersion = 17.7.34202.233
MinimumVisualStudioVersion = 10.0.40219.1
Project("{FAE04EC0-301F-11D3-BF4B-00C04F79EFBC}") = "PasswordGenerator", "PasswordGenerator\PasswordGenerator.csproj", "{88EF0D6D-D40F-4380-BA95-5DA008A83D2A}"
EndProject
Global
	GlobalSection(SolutionConfigurationPlatforms) = preSolution
		Debug|Any CPU = Debug|Any CPU
		Release|Any CPU = Release|Any CPU
	EndGlobalSection
	GlobalSection(ProjectConfigurationPlatforms) = postSolution
		{88EF0D6D-D40F-4380-BA95-5DA008A83D2A}.Debug|Any CPU.ActiveCfg = Debug|Any CPU
		{88EF0D6D-D40F-4380-BA95-5DA008A83D2A}.Debug|Any CPU.Build.0 = Debug|Any CPU
		{88EF0D6D-D40F-4380-BA95-5DA008A83D2A}.Release|Any CPU.ActiveCfg = Release|Any CPU
		{88EF0D6D-D40F-4380-BA95-5DA008A83D2A}.Release|Any CPU.Build.0 = Release|Any CPU
	EndGlobalSection
	GlobalSection(SolutionProperties) = preSolution
		HideSolutionNode = FALSE
	EndGlobalSection
	GlobalSection(ExtensibilityGlobals) = postSolution
		SolutionGuid = {EC5856BA-E1ED-4538-B9DD-A2228AA119C4}
	EndGlobalSection
EndGlobal
